
Microsoft Visual Studio Solution File, Format Version 12.00
# Visual Studio Version 17
VisualStudioVersion = 17.2.32210.308
MinimumVisualStudioVersion = 15.0.26124.0
Project("{9A19103F-16F7-4668-BE54-9A1E7A4F7556}") = "Atlas.App", "Atlas.App\Atlas.App.csproj", "{C5CD6CD9-F91C-4DB2-85DF-EB353C5BECB5}"
EndProject
Project("{2150E333-8FDC-42A3-9474-1A3956D46DE8}") = "Solution Items", "Solution Items", "{BADA71DC-7FFD-4EDC-9F28-FB74AEADC713}"
	ProjectSection(SolutionItems) = preProject
		.editorconfig = .editorconfig
		.gitignore = .gitignore
		.vsconfig = .vsconfig
		Directory.Build.props = Directory.Build.props
		Directory.Build.targets = Directory.Build.targets
		Directory.Packages.props = Directory.Packages.props
		global.json = global.json
	EndProjectSection
EndProject
Project("{FAE04EC0-301F-11D3-BF4B-00C04F79EFBC}") = "Atlas.Core", "Atlas.Core\Atlas.Core.csproj", "{FD35EF2F-B956-4941-971A-EA29FD765E8A}"
EndProject
Project("{FAE04EC0-301F-11D3-BF4B-00C04F79EFBC}") = "Atlas.Runtime", "Atlas.Runtime\Atlas.Runtime.csproj", "{311F82C2-04B7-4A45-BDA5-37E604D3FC4D}"
EndProject
Project("{FAE04EC0-301F-11D3-BF4B-00C04F79EFBC}") = "Atlas.Extraction", "Atlas.Extraction\Atlas.Extraction.csproj", "{4E738DFC-F61B-44B8-A232-89D1C7C8BCB0}"
EndProject
Project("{FAE04EC0-301F-11D3-BF4B-00C04F79EFBC}") = "Atlas.Tests", "Atlas.Tests\Atlas.Tests.csproj", "{B68120D7-5B3D-436F-BE93-6A300FC76870}"
EndProject
Project("{FAE04EC0-301F-11D3-BF4B-00C04F79EFBC}") = "Atlas.Agent", "Atlas.Agent\Atlas.Agent.csproj", "{BF0F6847-910C-467A-891E-F907ED2F800A}"
EndProject
Project("{FAE04EC0-301F-11D3-BF4B-00C04F79EFBC}") = "Atlas.Cli", "Atlas.Cli\Atlas.Cli.csproj", "{99385F0E-688F-4A87-86AC-DB64B32758EF}"
EndProject
Global
	GlobalSection(SolutionConfigurationPlatforms) = preSolution
		Debug|Any CPU = Debug|Any CPU
		Debug|ARM = Debug|ARM
		Debug|ARM64 = Debug|ARM64
		Debug|iPhone = Debug|iPhone
		Debug|iPhoneSimulator = Debug|iPhoneSimulator
		Debug|x64 = Debug|x64
		Debug|x86 = Debug|x86
		Release|Any CPU = Release|Any CPU
		Release|ARM = Release|ARM
		Release|ARM64 = Release|ARM64
		Release|iPhone = Release|iPhone
		Release|iPhoneSimulator = Release|iPhoneSimulator
		Release|x64 = Release|x64
		Release|x86 = Release|x86
	EndGlobalSection
	GlobalSection(ProjectConfigurationPlatforms) = postSolution
		{C5CD6CD9-F91C-4DB2-85DF-EB353C5BECB5}.Debug|Any CPU.ActiveCfg = Debug|Any CPU
		{C5CD6CD9-F91C-4DB2-85DF-EB353C5BECB5}.Debug|Any CPU.Build.0 = Debug|Any CPU
		{C5CD6CD9-F91C-4DB2-85DF-EB353C5BECB5}.Debug|Any CPU.Deploy.0 = Debug|Any CPU
		{C5CD6CD9-F91C-4DB2-85DF-EB353C5BECB5}.Debug|ARM.ActiveCfg = Debug|Any CPU
		{C5CD6CD9-F91C-4DB2-85DF-EB353C5BECB5}.Debug|ARM.Build.0 = Debug|Any CPU
		{C5CD6CD9-F91C-4DB2-85DF-EB353C5BECB5}.Debug|ARM.Deploy.0 = Debug|Any CPU
		{C5CD6CD9-F91C-4DB2-85DF-EB353C5BECB5}.Debug|ARM64.ActiveCfg = Debug|Any CPU
		{C5CD6CD9-F91C-4DB2-85DF-EB353C5BECB5}.Debug|ARM64.Build.0 = Debug|Any CPU
		{C5CD6CD9-F91C-4DB2-85DF-EB353C5BECB5}.Debug|ARM64.Deploy.0 = Debug|Any CPU
		{C5CD6CD9-F91C-4DB2-85DF-EB353C5BECB5}.Debug|iPhone.ActiveCfg = Debug|Any CPU
		{C5CD6CD9-F91C-4DB2-85DF-EB353C5BECB5}.Debug|iPhone.Build.0 = Debug|Any CPU
		{C5CD6CD9-F91C-4DB2-85DF-EB353C5BECB5}.Debug|iPhone.Deploy.0 = Debug|Any CPU
		{C5CD6CD9-F91C-4DB2-85DF-EB353C5BECB5}.Debug|iPhoneSimulator.ActiveCfg = Debug|Any CPU
		{C5CD6CD9-F91C-4DB2-85DF-EB353C5BECB5}.Debug|iPhoneSimulator.Build.0 = Debug|Any CPU
		{C5CD6CD9-F91C-4DB2-85DF-EB353C5BECB5}.Debug|iPhoneSimulator.Deploy.0 = Debug|Any CPU
		{C5CD6CD9-F91C-4DB2-85DF-EB353C5BECB5}.Debug|x64.ActiveCfg = Debug|Any CPU
		{C5CD6CD9-F91C-4DB2-85DF-EB353C5BECB5}.Debug|x64.Build.0 = Debug|Any CPU
		{C5CD6CD9-F91C-4DB2-85DF-EB353C5BECB5}.Debug|x64.Deploy.0 = Debug|Any CPU
		{C5CD6CD9-F91C-4DB2-85DF-EB353C5BECB5}.Debug|x86.ActiveCfg = Debug|Any CPU
		{C5CD6CD9-F91C-4DB2-85DF-EB353C5BECB5}.Debug|x86.Build.0 = Debug|Any CPU
		{C5CD6CD9-F91C-4DB2-85DF-EB353C5BECB5}.Debug|x86.Deploy.0 = Debug|Any CPU
		{C5CD6CD9-F91C-4DB2-85DF-EB353C5BECB5}.Release|Any CPU.ActiveCfg = Release|Any CPU
		{C5CD6CD9-F91C-4DB2-85DF-EB353C5BECB5}.Release|Any CPU.Build.0 = Release|Any CPU
		{C5CD6CD9-F91C-4DB2-85DF-EB353C5BECB5}.Release|Any CPU.Deploy.0 = Release|Any CPU
		{C5CD6CD9-F91C-4DB2-85DF-EB353C5BECB5}.Release|ARM.ActiveCfg = Release|Any CPU
		{C5CD6CD9-F91C-4DB2-85DF-EB353C5BECB5}.Release|ARM.Build.0 = Release|Any CPU
		{C5CD6CD9-F91C-4DB2-85DF-EB353C5BECB5}.Release|ARM.Deploy.0 = Release|Any CPU
		{C5CD6CD9-F91C-4DB2-85DF-EB353C5BECB5}.Release|ARM64.ActiveCfg = Release|Any CPU
		{C5CD6CD9-F91C-4DB2-85DF-EB353C5BECB5}.Release|ARM64.Build.0 = Release|Any CPU
		{C5CD6CD9-F91C-4DB2-85DF-EB353C5BECB5}.Release|ARM64.Deploy.0 = Release|Any CPU
		{C5CD6CD9-F91C-4DB2-85DF-EB353C5BECB5}.Release|iPhone.ActiveCfg = Release|Any CPU
		{C5CD6CD9-F91C-4DB2-85DF-EB353C5BECB5}.Release|iPhone.Build.0 = Release|Any CPU
		{C5CD6CD9-F91C-4DB2-85DF-EB353C5BECB5}.Release|iPhone.Deploy.0 = Release|Any CPU
		{C5CD6CD9-F91C-4DB2-85DF-EB353C5BECB5}.Release|iPhoneSimulator.ActiveCfg = Release|Any CPU
		{C5CD6CD9-F91C-4DB2-85DF-EB353C5BECB5}.Release|iPhoneSimulator.Build.0 = Release|Any CPU
		{C5CD6CD9-F91C-4DB2-85DF-EB353C5BECB5}.Release|iPhoneSimulator.Deploy.0 = Release|Any CPU
		{C5CD6CD9-F91C-4DB2-85DF-EB353C5BECB5}.Release|x64.ActiveCfg = Release|Any CPU
		{C5CD6CD9-F91C-4DB2-85DF-EB353C5BECB5}.Release|x64.Build.0 = Release|Any CPU
		{C5CD6CD9-F91C-4DB2-85DF-EB353C5BECB5}.Release|x64.Deploy.0 = Release|Any CPU
		{C5CD6CD9-F91C-4DB2-85DF-EB353C5BECB5}.Release|x86.ActiveCfg = Release|Any CPU
		{C5CD6CD9-F91C-4DB2-85DF-EB353C5BECB5}.Release|x86.Build.0 = Release|Any CPU
		{C5CD6CD9-F91C-4DB2-85DF-EB353C5BECB5}.Release|x86.Deploy.0 = Release|Any CPU
		{FD35EF2F-B956-4941-971A-EA29FD765E8A}.Debug|Any CPU.ActiveCfg = Debug|Any CPU
		{FD35EF2F-B956-4941-971A-EA29FD765E8A}.Debug|Any CPU.Build.0 = Debug|Any CPU
		{FD35EF2F-B956-4941-971A-EA29FD765E8A}.Debug|ARM.ActiveCfg = Debug|Any CPU
		{FD35EF2F-B956-4941-971A-EA29FD765E8A}.Debug|ARM.Build.0 = Debug|Any CPU
		{FD35EF2F-B956-4941-971A-EA29FD765E8A}.Debug|ARM64.ActiveCfg = Debug|Any CPU
		{FD35EF2F-B956-4941-971A-EA29FD765E8A}.Debug|ARM64.Build.0 = Debug|Any CPU
		{FD35EF2F-B956-4941-971A-EA29FD765E8A}.Debug|iPhone.ActiveCfg = Debug|Any CPU
		{FD35EF2F-B956-4941-971A-EA29FD765E8A}.Debug|iPhone.Build.0 = Debug|Any CPU
		{FD35EF2F-B956-4941-971A-EA29FD765E8A}.Debug|iPhoneSimulator.ActiveCfg = Debug|Any CPU
		{FD35EF2F-B956-4941-971A-EA29FD765E8A}.Debug|iPhoneSimulator.Build.0 = Debug|Any CPU
		{FD35EF2F-B956-4941-971A-EA29FD765E8A}.Debug|x64.ActiveCfg = Debug|Any CPU
		{FD35EF2F-B956-4941-971A-EA29FD765E8A}.Debug|x64.Build.0 = Debug|Any CPU
		{FD35EF2F-B956-4941-971A-EA29FD765E8A}.Debug|x86.ActiveCfg = Debug|Any CPU
		{FD35EF2F-B956-4941-971A-EA29FD765E8A}.Debug|x86.Build.0 = Debug|Any CPU
		{FD35EF2F-B956-4941-971A-EA29FD765E8A}.Release|Any CPU.ActiveCfg = Release|Any CPU
		{FD35EF2F-B956-4941-971A-EA29FD765E8A}.Release|Any CPU.Build.0 = Release|Any CPU
		{FD35EF2F-B956-4941-971A-EA29FD765E8A}.Release|ARM.ActiveCfg = Release|Any CPU
		{FD35EF2F-B956-4941-971A-EA29FD765E8A}.Release|ARM.Build.0 = Release|Any CPU
		{FD35EF2F-B956-4941-971A-EA29FD765E8A}.Release|ARM64.ActiveCfg = Release|Any CPU
		{FD35EF2F-B956-4941-971A-EA29FD765E8A}.Release|ARM64.Build.0 = Release|Any CPU
		{FD35EF2F-B956-4941-971A-EA29FD765E8A}.Release|iPhone.ActiveCfg = Release|Any CPU
		{FD35EF2F-B956-4941-971A-EA29FD765E8A}.Release|iPhone.Build.0 = Release|Any CPU
		{FD35EF2F-B956-4941-971A-EA29FD765E8A}.Release|iPhoneSimulator.ActiveCfg = Release|Any CPU
		{FD35EF2F-B956-4941-971A-EA29FD765E8A}.Release|iPhoneSimulator.Build.0 = Release|Any CPU
		{FD35EF2F-B956-4941-971A-EA29FD765E8A}.Release|x64.ActiveCfg = Release|Any CPU
		{FD35EF2F-B956-4941-971A-EA29FD765E8A}.Release|x64.Build.0 = Release|Any CPU
		{FD35EF2F-B956-4941-971A-EA29FD765E8A}.Release|x86.ActiveCfg = Release|Any CPU
		{FD35EF2F-B956-4941-971A-EA29FD765E8A}.Release|x86.Build.0 = Release|Any CPU
		{311F82C2-04B7-4A45-BDA5-37E604D3FC4D}.Debug|Any CPU.ActiveCfg = Debug|Any CPU
		{311F82C2-04B7-4A45-BDA5-37E604D3FC4D}.Debug|Any CPU.Build.0 = Debug|Any CPU
		{311F82C2-04B7-4A45-BDA5-37E604D3FC4D}.Debug|ARM.ActiveCfg = Debug|Any CPU
		{311F82C2-04B7-4A45-BDA5-37E604D3FC4D}.Debug|ARM.Build.0 = Debug|Any CPU
		{311F82C2-04B7-4A45-BDA5-37E604D3FC4D}.Debug|ARM64.ActiveCfg = Debug|Any CPU
		{311F82C2-04B7-4A45-BDA5-37E604D3FC4D}.Debug|ARM64.Build.0 = Debug|Any CPU
		{311F82C2-04B7-4A45-BDA5-37E604D3FC4D}.Debug|iPhone.ActiveCfg = Debug|Any CPU
		{311F82C2-04B7-4A45-BDA5-37E604D3FC4D}.Debug|iPhone.Build.0 = Debug|Any CPU
		{311F82C2-04B7-4A45-BDA5-37E604D3FC4D}.Debug|iPhoneSimulator.ActiveCfg = Debug|Any CPU
		{311F82C2-04B7-4A45-BDA5-37E604D3FC4D}.Debug|iPhoneSimulator.Build.0 = Debug|Any CPU
		{311F82C2-04B7-4A45-BDA5-37E604D3FC4D}.Debug|x64.ActiveCfg = Debug|Any CPU
		{311F82C2-04B7-4A45-BDA5-37E604D3FC4D}.Debug|x64.Build.0 = Debug|Any CPU
		{311F82C2-04B7-4A45-BDA5-37E604D3FC4D}.Debug|x86.ActiveCfg = Debug|Any CPU
		{311F82C2-04B7-4A45-BDA5-37E604D3FC4D}.Debug|x86.Build.0 = Debug|Any CPU
		{311F82C2-04B7-4A45-BDA5-37E604D3FC4D}.Release|Any CPU.ActiveCfg = Release|Any CPU
		{311F82C2-04B7-4A45-BDA5-37E604D3FC4D}.Release|Any CPU.Build.0 = Release|Any CPU
		{311F82C2-04B7-4A45-BDA5-37E604D3FC4D}.Release|ARM.ActiveCfg = Release|Any CPU
		{311F82C2-04B7-4A45-BDA5-37E604D3FC4D}.Release|ARM.Build.0 = Release|Any CPU
		{311F82C2-04B7-4A45-BDA5-37E604D3FC4D}.Release|ARM64.ActiveCfg = Release|Any CPU
		{311F82C2-04B7-4A45-BDA5-37E604D3FC4D}.Release|ARM64.Build.0 = Release|Any CPU
		{311F82C2-04B7-4A45-BDA5-37E604D3FC4D}.Release|iPhone.ActiveCfg = Release|Any CPU
		{311F82C2-04B7-4A45-BDA5-37E604D3FC4D}.Release|iPhone.Build.0 = Release|Any CPU
		{311F82C2-04B7-4A45-BDA5-37E604D3FC4D}.Release|iPhoneSimulator.ActiveCfg = Release|Any CPU
		{311F82C2-04B7-4A45-BDA5-37E604D3FC4D}.Release|iPhoneSimulator.Build.0 = Release|Any CPU
		{311F82C2-04B7-4A45-BDA5-37E604D3FC4D}.Release|x64.ActiveCfg = Release|Any CPU
		{311F82C2-04B7-4A45-BDA5-37E604D3FC4D}.Release|x64.Build.0 = Release|Any CPU
		{311F82C2-04B7-4A45-BDA5-37E604D3FC4D}.Release|x86.ActiveCfg = Release|Any CPU
		{311F82C2-04B7-4A45-BDA5-37E604D3FC4D}.Release|x86.Build.0 = Release|Any CPU
		{4E738DFC-F61B-44B8-A232-89D1C7C8BCB0}.Debug|Any CPU.ActiveCfg = Debug|Any CPU
		{4E738DFC-F61B-44B8-A232-89D1C7C8BCB0}.Debug|Any CPU.Build.0 = Debug|Any CPU
		{4E738DFC-F61B-44B8-A232-89D1C7C8BCB0}.Debug|ARM.ActiveCfg = Debug|Any CPU
		{4E738DFC-F61B-44B8-A232-89D1C7C8BCB0}.Debug|ARM.Build.0 = Debug|Any CPU
		{4E738DFC-F61B-44B8-A232-89D1C7C8BCB0}.Debug|ARM64.ActiveCfg = Debug|Any CPU
		{4E738DFC-F61B-44B8-A232-89D1C7C8BCB0}.Debug|ARM64.Build.0 = Debug|Any CPU
		{4E738DFC-F61B-44B8-A232-89D1C7C8BCB0}.Debug|iPhone.ActiveCfg = Debug|Any CPU
		{4E738DFC-F61B-44B8-A232-89D1C7C8BCB0}.Debug|iPhone.Build.0 = Debug|Any CPU
		{4E738DFC-F61B-44B8-A232-89D1C7C8BCB0}.Debug|iPhoneSimulator.ActiveCfg = Debug|Any CPU
		{4E738DFC-F61B-44B8-A232-89D1C7C8BCB0}.Debug|iPhoneSimulator.Build.0 = Debug|Any CPU
		{4E738DFC-F61B-44B8-A232-89D1C7C8BCB0}.Debug|x64.ActiveCfg = Debug|Any CPU
		{4E738DFC-F61B-44B8-A232-89D1C7C8BCB0}.Debug|x64.Build.0 = Debug|Any CPU
		{4E738DFC-F61B-44B8-A232-89D1C7C8BCB0}.Debug|x86.ActiveCfg = Debug|Any CPU
		{4E738DFC-F61B-44B8-A232-89D1C7C8BCB0}.Debug|x86.Build.0 = Debug|Any CPU
		{4E738DFC-F61B-44B8-A232-89D1C7C8BCB0}.Release|Any CPU.ActiveCfg = Release|Any CPU
		{4E738DFC-F61B-44B8-A232-89D1C7C8BCB0}.Release|Any CPU.Build.0 = Release|Any CPU
		{4E738DFC-F61B-44B8-A232-89D1C7C8BCB0}.Release|ARM.ActiveCfg = Release|Any CPU
		{4E738DFC-F61B-44B8-A232-89D1C7C8BCB0}.Release|ARM.Build.0 = Release|Any CPU
		{4E738DFC-F61B-44B8-A232-89D1C7C8BCB0}.Release|ARM64.ActiveCfg = Release|Any CPU
		{4E738DFC-F61B-44B8-A232-89D1C7C8BCB0}.Release|ARM64.Build.0 = Release|Any CPU
		{4E738DFC-F61B-44B8-A232-89D1C7C8BCB0}.Release|iPhone.ActiveCfg = Release|Any CPU
		{4E738DFC-F61B-44B8-A232-89D1C7C8BCB0}.Release|iPhone.Build.0 = Release|Any CPU
		{4E738DFC-F61B-44B8-A232-89D1C7C8BCB0}.Release|iPhoneSimulator.ActiveCfg = Release|Any CPU
		{4E738DFC-F61B-44B8-A232-89D1C7C8BCB0}.Release|iPhoneSimulator.Build.0 = Release|Any CPU
		{4E738DFC-F61B-44B8-A232-89D1C7C8BCB0}.Release|x64.ActiveCfg = Release|Any CPU
		{4E738DFC-F61B-44B8-A232-89D1C7C8BCB0}.Release|x64.Build.0 = Release|Any CPU
		{4E738DFC-F61B-44B8-A232-89D1C7C8BCB0}.Release|x86.ActiveCfg = Release|Any CPU
		{4E738DFC-F61B-44B8-A232-89D1C7C8BCB0}.Release|x86.Build.0 = Release|Any CPU
		{B68120D7-5B3D-436F-BE93-6A300FC76870}.Debug|Any CPU.ActiveCfg = Debug|Any CPU
		{B68120D7-5B3D-436F-BE93-6A300FC76870}.Debug|Any CPU.Build.0 = Debug|Any CPU
		{B68120D7-5B3D-436F-BE93-6A300FC76870}.Debug|ARM.ActiveCfg = Debug|Any CPU
		{B68120D7-5B3D-436F-BE93-6A300FC76870}.Debug|ARM.Build.0 = Debug|Any CPU
		{B68120D7-5B3D-436F-BE93-6A300FC76870}.Debug|ARM64.ActiveCfg = Debug|Any CPU
		{B68120D7-5B3D-436F-BE93-6A300FC76870}.Debug|ARM64.Build.0 = Debug|Any CPU
		{B68120D7-5B3D-436F-BE93-6A300FC76870}.Debug|iPhone.ActiveCfg = Debug|Any CPU
		{B68120D7-5B3D-436F-BE93-6A300FC76870}.Debug|iPhone.Build.0 = Debug|Any CPU
		{B68120D7-5B3D-436F-BE93-6A300FC76870}.Debug|iPhoneSimulator.ActiveCfg = Debug|Any CPU
		{B68120D7-5B3D-436F-BE93-6A300FC76870}.Debug|iPhoneSimulator.Build.0 = Debug|Any CPU
		{B68120D7-5B3D-436F-BE93-6A300FC76870}.Debug|x64.ActiveCfg = Debug|Any CPU
		{B68120D7-5B3D-436F-BE93-6A300FC76870}.Debug|x64.Build.0 = Debug|Any CPU
		{B68120D7-5B3D-436F-BE93-6A300FC76870}.Debug|x86.ActiveCfg = Debug|Any CPU
		{B68120D7-5B3D-436F-BE93-6A300FC76870}.Debug|x86.Build.0 = Debug|Any CPU
		{B68120D7-5B3D-436F-BE93-6A300FC76870}.Release|Any CPU.ActiveCfg = Release|Any CPU
		{B68120D7-5B3D-436F-BE93-6A300FC76870}.Release|Any CPU.Build.0 = Release|Any CPU
		{B68120D7-5B3D-436F-BE93-6A300FC76870}.Release|ARM.ActiveCfg = Release|Any CPU
		{B68120D7-5B3D-436F-BE93-6A300FC76870}.Release|ARM.Build.0 = Release|Any CPU
		{B68120D7-5B3D-436F-BE93-6A300FC76870}.Release|ARM64.ActiveCfg = Release|Any CPU
		{B68120D7-5B3D-436F-BE93-6A300FC76870}.Release|ARM64.Build.0 = Release|Any CPU
		{B68120D7-5B3D-436F-BE93-6A300FC76870}.Release|iPhone.ActiveCfg = Release|Any CPU
		{B68120D7-5B3D-436F-BE93-6A300FC76870}.Release|iPhone.Build.0 = Release|Any CPU
		{B68120D7-5B3D-436F-BE93-6A300FC76870}.Release|iPhoneSimulator.ActiveCfg = Release|Any CPU
		{B68120D7-5B3D-436F-BE93-6A300FC76870}.Release|iPhoneSimulator.Build.0 = Release|Any CPU
		{B68120D7-5B3D-436F-BE93-6A300FC76870}.Release|x64.ActiveCfg = Release|Any CPU
		{B68120D7-5B3D-436F-BE93-6A300FC76870}.Release|x64.Build.0 = Release|Any CPU
		{B68120D7-5B3D-436F-BE93-6A300FC76870}.Release|x86.ActiveCfg = Release|Any CPU
		{B68120D7-5B3D-436F-BE93-6A300FC76870}.Release|x86.Build.0 = Release|Any CPU
		{BF0F6847-910C-467A-891E-F907ED2F800A}.Debug|Any CPU.ActiveCfg = Debug|Any CPU
		{BF0F6847-910C-467A-891E-F907ED2F800A}.Debug|Any CPU.Build.0 = Debug|Any CPU
		{BF0F6847-910C-467A-891E-F907ED2F800A}.Debug|ARM.ActiveCfg = Debug|Any CPU
		{BF0F6847-910C-467A-891E-F907ED2F800A}.Debug|ARM.Build.0 = Debug|Any CPU
		{BF0F6847-910C-467A-891E-F907ED2F800A}.Debug|ARM64.ActiveCfg = Debug|Any CPU
		{BF0F6847-910C-467A-891E-F907ED2F800A}.Debug|ARM64.Build.0 = Debug|Any CPU
		{BF0F6847-910C-467A-891E-F907ED2F800A}.Debug|iPhone.ActiveCfg = Debug|Any CPU
		{BF0F6847-910C-467A-891E-F907ED2F800A}.Debug|iPhone.Build.0 = Debug|Any CPU
		{BF0F6847-910C-467A-891E-F907ED2F800A}.Debug|iPhoneSimulator.ActiveCfg = Debug|Any CPU
		{BF0F6847-910C-467A-891E-F907ED2F800A}.Debug|iPhoneSimulator.Build.0 = Debug|Any CPU
		{BF0F6847-910C-467A-891E-F907ED2F800A}.Debug|x64.ActiveCfg = Debug|Any CPU
		{BF0F6847-910C-467A-891E-F907ED2F800A}.Debug|x64.Build.0 = Debug|Any CPU
		{BF0F6847-910C-467A-891E-F907ED2F800A}.Debug|x86.ActiveCfg = Debug|Any CPU
		{BF0F6847-910C-467A-891E-F907ED2F800A}.Debug|x86.Build.0 = Debug|Any CPU
		{BF0F6847-910C-467A-891E-F907ED2F800A}.Release|Any CPU.ActiveCfg = Release|Any CPU
		{BF0F6847-910C-467A-891E-F907ED2F800A}.Release|Any CPU.Build.0 = Release|Any CPU
		{BF0F6847-910C-467A-891E-F907ED2F800A}.Release|ARM.ActiveCfg = Release|Any CPU
		{BF0F6847-910C-467A-891E-F907ED2F800A}.Release|ARM.Build.0 = Release|Any CPU
		{BF0F6847-910C-467A-891E-F907ED2F800A}.Release|ARM64.ActiveCfg = Release|Any CPU
		{BF0F6847-910C-467A-891E-F907ED2F800A}.Release|ARM64.Build.0 = Release|Any CPU
		{BF0F6847-910C-467A-891E-F907ED2F800A}.Release|iPhone.ActiveCfg = Release|Any CPU
		{BF0F6847-910C-467A-891E-F907ED2F800A}.Release|iPhone.Build.0 = Release|Any CPU
		{BF0F6847-910C-467A-891E-F907ED2F800A}.Release|iPhoneSimulator.ActiveCfg = Release|Any CPU
		{BF0F6847-910C-467A-891E-F907ED2F800A}.Release|iPhoneSimulator.Build.0 = Release|Any CPU
		{BF0F6847-910C-467A-891E-F907ED2F800A}.Release|x64.ActiveCfg = Release|Any CPU
		{BF0F6847-910C-467A-891E-F907ED2F800A}.Release|x64.Build.0 = Release|Any CPU
		{BF0F6847-910C-467A-891E-F907ED2F800A}.Release|x86.ActiveCfg = Release|Any CPU
		{BF0F6847-910C-467A-891E-F907ED2F800A}.Release|x86.Build.0 = Release|Any CPU
		{99385F0E-688F-4A87-86AC-DB64B32758EF}.Debug|Any CPU.ActiveCfg = Debug|Any CPU
		{99385F0E-688F-4A87-86AC-DB64B32758EF}.Debug|Any CPU.Build.0 = Debug|Any CPU
		{99385F0E-688F-4A87-86AC-DB64B32758EF}.Debug|ARM.ActiveCfg = Debug|Any CPU
		{99385F0E-688F-4A87-86AC-DB64B32758EF}.Debug|ARM.Build.0 = Debug|Any CPU
		{99385F0E-688F-4A87-86AC-DB64B32758EF}.Debug|ARM64.ActiveCfg = Debug|Any CPU
		{99385F0E-688F-4A87-86AC-DB64B32758EF}.Debug|ARM64.Build.0 = Debug|Any CPU
		{99385F0E-688F-4A87-86AC-DB64B32758EF}.Debug|iPhone.ActiveCfg = Debug|Any CPU
		{99385F0E-688F-4A87-86AC-DB64B32758EF}.Debug|iPhone.Build.0 = Debug|Any CPU
		{99385F0E-688F-4A87-86AC-DB64B32758EF}.Debug|iPhoneSimulator.ActiveCfg = Debug|Any CPU
		{99385F0E-688F-4A87-86AC-DB64B32758EF}.Debug|iPhoneSimulator.Build.0 = Debug|Any CPU
		{99385F0E-688F-4A87-86AC-DB64B32758EF}.Debug|x64.ActiveCfg = Debug|Any CPU
		{99385F0E-688F-4A87-86AC-DB64B32758EF}.Debug|x64.Build.0 = Debug|Any CPU
		{99385F0E-688F-4A87-86AC-DB64B32758EF}.Debug|x86.ActiveCfg = Debug|Any CPU
		{99385F0E-688F-4A87-86AC-DB64B32758EF}.Debug|x86.Build.0 = Debug|Any CPU
		{99385F0E-688F-4A87-86AC-DB64B32758EF}.Release|Any CPU.ActiveCfg = Release|Any CPU
		{99385F0E-688F-4A87-86AC-DB64B32758EF}.Release|Any CPU.Build.0 = Release|Any CPU
		{99385F0E-688F-4A87-86AC-DB64B32758EF}.Release|ARM.ActiveCfg = Release|Any CPU
		{99385F0E-688F-4A87-86AC-DB64B32758EF}.Release|ARM.Build.0 = Release|Any CPU
		{99385F0E-688F-4A87-86AC-DB64B32758EF}.Release|ARM64.ActiveCfg = Release|Any CPU
		{99385F0E-688F-4A87-86AC-DB64B32758EF}.Release|ARM64.Build.0 = Release|Any CPU
		{99385F0E-688F-4A87-86AC-DB64B32758EF}.Release|iPhone.ActiveCfg = Release|Any CPU
		{99385F0E-688F-4A87-86AC-DB64B32758EF}.Release|iPhone.Build.0 = Release|Any CPU
		{99385F0E-688F-4A87-86AC-DB64B32758EF}.Release|iPhoneSimulator.ActiveCfg = Release|Any CPU
		{99385F0E-688F-4A87-86AC-DB64B32758EF}.Release|iPhoneSimulator.Build.0 = Release|Any CPU
		{99385F0E-688F-4A87-86AC-DB64B32758EF}.Release|x64.ActiveCfg = Release|Any CPU
		{99385F0E-688F-4A87-86AC-DB64B32758EF}.Release|x64.Build.0 = Release|Any CPU
		{99385F0E-688F-4A87-86AC-DB64B32758EF}.Release|x86.ActiveCfg = Release|Any CPU
		{99385F0E-688F-4A87-86AC-DB64B32758EF}.Release|x86.Build.0 = Release|Any CPU
	EndGlobalSection
	GlobalSection(SolutionProperties) = preSolution
		HideSolutionNode = FALSE
	EndGlobalSection
	GlobalSection(ExtensibilityGlobals) = postSolution
		SolutionGuid = {6F1FB78C-2584-47FF-B307-4D56950713E9}
	EndGlobalSection
EndGlobal
